
Microsoft Visual Studio Solution File, Format Version 12.00
# Visual Studio 15
VisualStudioVersion = 15.0.26403.3
MinimumVisualStudioVersion = 10.0.40219.1
Project("{FAE04EC0-301F-11D3-BF4B-00C04F79EFBC}") = "Aiva.Bot", "AivaBot\Aiva.Bot.csproj", "{482DA762-7054-4CDD-9007-19FBE67AD455}"
EndProject
Project("{FAE04EC0-301F-11D3-BF4B-00C04F79EFBC}") = "Aiva.Songrequest", "Extensions\Aiva.Songrequest\Aiva.Songrequest.csproj", "{4A16A1BE-39FC-4FDA-AE18-FF647364AC83}"
EndProject
Project("{FAE04EC0-301F-11D3-BF4B-00C04F79EFBC}") = "Aiva.Giveaway", "Extensions\Aiva.Giveaway\Aiva.Giveaway.csproj", "{6E0E1240-D322-4183-8BDB-182CA6B8469F}"
EndProject
Project("{FAE04EC0-301F-11D3-BF4B-00C04F79EFBC}") = "Aiva.Config", "Aiva.Config\Aiva.Config.csproj", "{DC5B9F3F-41CC-4A43-9643-9FDD86812C6E}"
EndProject
Project("{FAE04EC0-301F-11D3-BF4B-00C04F79EFBC}") = "Aiva.ModCommands", "Extensions\Aiva.ModCommands\Aiva.ModCommands.csproj", "{737DA2A6-A7F6-496C-B91A-DF049B68D4BC}"
EndProject
Project("{FAE04EC0-301F-11D3-BF4B-00C04F79EFBC}") = "Aiva.Database", "Aiva.Database\Aiva.Database.csproj", "{CF7C5037-4A14-4782-8D1B-700845F9779F}"
EndProject
Project("{FAE04EC0-301F-11D3-BF4B-00C04F79EFBC}") = "Aiva.Client", "Aiva.Client\Aiva.Client.csproj", "{D64E315C-DC48-45F9-AEA8-1726EC0A86A9}"
EndProject
Project("{FAE04EC0-301F-11D3-BF4B-00C04F79EFBC}") = "Aiva.Auction", "Extensions\Aiva.Auction\Aiva.Auction.csproj", "{862FCB08-FB97-4361-80A7-CB4F0FAF8E7A}"
EndProject
Project("{FAE04EC0-301F-11D3-BF4B-00C04F79EFBC}") = "Aiva.Bets", "Extensions\Aiva.Bets\Aiva.Bets.csproj", "{3FAA8D3C-4589-40B8-8C6B-59A28979054A}"
EndProject
Project("{FAE04EC0-301F-11D3-BF4B-00C04F79EFBC}") = "Aiva.Bankheist", "Extensions\Aiva.Bankheist\Aiva.Bankheist.csproj", "{ADA0BEBB-A1EC-41A1-925B-7397B41A8CB2}"
EndProject
Project("{2150E333-8FDC-42A3-9474-1A3956D46DE8}") = "Core", "Core", "{0CBECBAA-9E25-4A83-89EF-CEBB05AD2AD1}"
EndProject
Project("{2150E333-8FDC-42A3-9474-1A3956D46DE8}") = "Extensions", "Extensions", "{91D4DF8C-110E-4232-9823-43CD9877F60B}"
EndProject
Project("{FAE04EC0-301F-11D3-BF4B-00C04F79EFBC}") = "Aiva.Core", "Aiva.Core\Aiva.Core.csproj", "{CD69F660-7C7E-40C6-843B-A7AE1D301D2C}"
EndProject
Project("{FAE04EC0-301F-11D3-BF4B-00C04F79EFBC}") = "Aiva.Extensions", "Aiva.Extensions\Aiva.Extensions.csproj", "{55B8322B-FAF4-4F5B-8925-7A6791B38E1B}"
EndProject
Global
	GlobalSection(SolutionConfigurationPlatforms) = preSolution
		Debug|Any CPU = Debug|Any CPU
		Debug|x64 = Debug|x64
		Debug|x86 = Debug|x86
		Release|Any CPU = Release|Any CPU
		Release|x64 = Release|x64
		Release|x86 = Release|x86
	EndGlobalSection
	GlobalSection(ProjectConfigurationPlatforms) = postSolution
		{482DA762-7054-4CDD-9007-19FBE67AD455}.Debug|Any CPU.ActiveCfg = Debug|Any CPU
		{482DA762-7054-4CDD-9007-19FBE67AD455}.Debug|Any CPU.Build.0 = Debug|Any CPU
		{482DA762-7054-4CDD-9007-19FBE67AD455}.Debug|x64.ActiveCfg = Debug|x64
		{482DA762-7054-4CDD-9007-19FBE67AD455}.Debug|x64.Build.0 = Debug|x64
		{482DA762-7054-4CDD-9007-19FBE67AD455}.Debug|x86.ActiveCfg = Debug|x86
		{482DA762-7054-4CDD-9007-19FBE67AD455}.Debug|x86.Build.0 = Debug|x86
		{482DA762-7054-4CDD-9007-19FBE67AD455}.Release|Any CPU.ActiveCfg = Release|Any CPU
		{482DA762-7054-4CDD-9007-19FBE67AD455}.Release|Any CPU.Build.0 = Release|Any CPU
		{482DA762-7054-4CDD-9007-19FBE67AD455}.Release|x64.ActiveCfg = Release|x64
		{482DA762-7054-4CDD-9007-19FBE67AD455}.Release|x64.Build.0 = Release|x64
		{482DA762-7054-4CDD-9007-19FBE67AD455}.Release|x86.ActiveCfg = Release|x86
		{482DA762-7054-4CDD-9007-19FBE67AD455}.Release|x86.Build.0 = Release|x86
		{4A16A1BE-39FC-4FDA-AE18-FF647364AC83}.Debug|Any CPU.ActiveCfg = Debug|Any CPU
		{4A16A1BE-39FC-4FDA-AE18-FF647364AC83}.Debug|Any CPU.Build.0 = Debug|Any CPU
		{4A16A1BE-39FC-4FDA-AE18-FF647364AC83}.Debug|x64.ActiveCfg = Debug|x64
		{4A16A1BE-39FC-4FDA-AE18-FF647364AC83}.Debug|x64.Build.0 = Debug|x64
		{4A16A1BE-39FC-4FDA-AE18-FF647364AC83}.Debug|x86.ActiveCfg = Debug|x86
		{4A16A1BE-39FC-4FDA-AE18-FF647364AC83}.Debug|x86.Build.0 = Debug|x86
		{4A16A1BE-39FC-4FDA-AE18-FF647364AC83}.Release|Any CPU.ActiveCfg = Release|Any CPU
		{4A16A1BE-39FC-4FDA-AE18-FF647364AC83}.Release|Any CPU.Build.0 = Release|Any CPU
		{4A16A1BE-39FC-4FDA-AE18-FF647364AC83}.Release|x64.ActiveCfg = Release|x64
		{4A16A1BE-39FC-4FDA-AE18-FF647364AC83}.Release|x64.Build.0 = Release|x64
		{4A16A1BE-39FC-4FDA-AE18-FF647364AC83}.Release|x86.ActiveCfg = Release|x86
		{4A16A1BE-39FC-4FDA-AE18-FF647364AC83}.Release|x86.Build.0 = Release|x86
		{6E0E1240-D322-4183-8BDB-182CA6B8469F}.Debug|Any CPU.ActiveCfg = Debug|Any CPU
		{6E0E1240-D322-4183-8BDB-182CA6B8469F}.Debug|Any CPU.Build.0 = Debug|Any CPU
		{6E0E1240-D322-4183-8BDB-182CA6B8469F}.Debug|x64.ActiveCfg = Debug|Any CPU
		{6E0E1240-D322-4183-8BDB-182CA6B8469F}.Debug|x64.Build.0 = Debug|Any CPU
		{6E0E1240-D322-4183-8BDB-182CA6B8469F}.Debug|x86.ActiveCfg = Debug|Any CPU
		{6E0E1240-D322-4183-8BDB-182CA6B8469F}.Debug|x86.Build.0 = Debug|Any CPU
		{6E0E1240-D322-4183-8BDB-182CA6B8469F}.Release|Any CPU.ActiveCfg = Release|Any CPU
		{6E0E1240-D322-4183-8BDB-182CA6B8469F}.Release|Any CPU.Build.0 = Release|Any CPU
		{6E0E1240-D322-4183-8BDB-182CA6B8469F}.Release|x64.ActiveCfg = Release|Any CPU
		{6E0E1240-D322-4183-8BDB-182CA6B8469F}.Release|x64.Build.0 = Release|Any CPU
		{6E0E1240-D322-4183-8BDB-182CA6B8469F}.Release|x86.ActiveCfg = Release|Any CPU
		{6E0E1240-D322-4183-8BDB-182CA6B8469F}.Release|x86.Build.0 = Release|Any CPU
		{DC5B9F3F-41CC-4A43-9643-9FDD86812C6E}.Debug|Any CPU.ActiveCfg = Debug|Any CPU
		{DC5B9F3F-41CC-4A43-9643-9FDD86812C6E}.Debug|Any CPU.Build.0 = Debug|Any CPU
		{DC5B9F3F-41CC-4A43-9643-9FDD86812C6E}.Debug|x64.ActiveCfg = Debug|Any CPU
		{DC5B9F3F-41CC-4A43-9643-9FDD86812C6E}.Debug|x64.Build.0 = Debug|Any CPU
		{DC5B9F3F-41CC-4A43-9643-9FDD86812C6E}.Debug|x86.ActiveCfg = Debug|Any CPU
		{DC5B9F3F-41CC-4A43-9643-9FDD86812C6E}.Debug|x86.Build.0 = Debug|Any CPU
		{DC5B9F3F-41CC-4A43-9643-9FDD86812C6E}.Release|Any CPU.ActiveCfg = Release|Any CPU
		{DC5B9F3F-41CC-4A43-9643-9FDD86812C6E}.Release|Any CPU.Build.0 = Release|Any CPU
		{DC5B9F3F-41CC-4A43-9643-9FDD86812C6E}.Release|x64.ActiveCfg = Release|Any CPU
		{DC5B9F3F-41CC-4A43-9643-9FDD86812C6E}.Release|x64.Build.0 = Release|Any CPU
		{DC5B9F3F-41CC-4A43-9643-9FDD86812C6E}.Release|x86.ActiveCfg = Release|Any CPU
		{DC5B9F3F-41CC-4A43-9643-9FDD86812C6E}.Release|x86.Build.0 = Release|Any CPU
		{737DA2A6-A7F6-496C-B91A-DF049B68D4BC}.Debug|Any CPU.ActiveCfg = Debug|Any CPU
		{737DA2A6-A7F6-496C-B91A-DF049B68D4BC}.Debug|Any CPU.Build.0 = Debug|Any CPU
		{737DA2A6-A7F6-496C-B91A-DF049B68D4BC}.Debug|x64.ActiveCfg = Debug|Any CPU
		{737DA2A6-A7F6-496C-B91A-DF049B68D4BC}.Debug|x64.Build.0 = Debug|Any CPU
		{737DA2A6-A7F6-496C-B91A-DF049B68D4BC}.Debug|x86.ActiveCfg = Debug|Any CPU
		{737DA2A6-A7F6-496C-B91A-DF049B68D4BC}.Debug|x86.Build.0 = Debug|Any CPU
		{737DA2A6-A7F6-496C-B91A-DF049B68D4BC}.Release|Any CPU.ActiveCfg = Release|Any CPU
		{737DA2A6-A7F6-496C-B91A-DF049B68D4BC}.Release|Any CPU.Build.0 = Release|Any CPU
		{737DA2A6-A7F6-496C-B91A-DF049B68D4BC}.Release|x64.ActiveCfg = Release|Any CPU
		{737DA2A6-A7F6-496C-B91A-DF049B68D4BC}.Release|x64.Build.0 = Release|Any CPU
		{737DA2A6-A7F6-496C-B91A-DF049B68D4BC}.Release|x86.ActiveCfg = Release|Any CPU
		{737DA2A6-A7F6-496C-B91A-DF049B68D4BC}.Release|x86.Build.0 = Release|Any CPU
		{CF7C5037-4A14-4782-8D1B-700845F9779F}.Debug|Any CPU.ActiveCfg = Debug|Any CPU
		{CF7C5037-4A14-4782-8D1B-700845F9779F}.Debug|Any CPU.Build.0 = Debug|Any CPU
		{CF7C5037-4A14-4782-8D1B-700845F9779F}.Debug|x64.ActiveCfg = Debug|Any CPU
		{CF7C5037-4A14-4782-8D1B-700845F9779F}.Debug|x64.Build.0 = Debug|Any CPU
		{CF7C5037-4A14-4782-8D1B-700845F9779F}.Debug|x86.ActiveCfg = Debug|Any CPU
		{CF7C5037-4A14-4782-8D1B-700845F9779F}.Debug|x86.Build.0 = Debug|Any CPU
		{CF7C5037-4A14-4782-8D1B-700845F9779F}.Release|Any CPU.ActiveCfg = Release|Any CPU
		{CF7C5037-4A14-4782-8D1B-700845F9779F}.Release|Any CPU.Build.0 = Release|Any CPU
		{CF7C5037-4A14-4782-8D1B-700845F9779F}.Release|x64.ActiveCfg = Release|Any CPU
		{CF7C5037-4A14-4782-8D1B-700845F9779F}.Release|x64.Build.0 = Release|Any CPU
		{CF7C5037-4A14-4782-8D1B-700845F9779F}.Release|x86.ActiveCfg = Release|Any CPU
		{CF7C5037-4A14-4782-8D1B-700845F9779F}.Release|x86.Build.0 = Release|Any CPU
		{D64E315C-DC48-45F9-AEA8-1726EC0A86A9}.Debug|Any CPU.ActiveCfg = Debug|Any CPU
		{D64E315C-DC48-45F9-AEA8-1726EC0A86A9}.Debug|Any CPU.Build.0 = Debug|Any CPU
		{D64E315C-DC48-45F9-AEA8-1726EC0A86A9}.Debug|x64.ActiveCfg = Debug|Any CPU
		{D64E315C-DC48-45F9-AEA8-1726EC0A86A9}.Debug|x64.Build.0 = Debug|Any CPU
		{D64E315C-DC48-45F9-AEA8-1726EC0A86A9}.Debug|x86.ActiveCfg = Debug|Any CPU
		{D64E315C-DC48-45F9-AEA8-1726EC0A86A9}.Debug|x86.Build.0 = Debug|Any CPU
		{D64E315C-DC48-45F9-AEA8-1726EC0A86A9}.Release|Any CPU.ActiveCfg = Release|Any CPU
		{D64E315C-DC48-45F9-AEA8-1726EC0A86A9}.Release|Any CPU.Build.0 = Release|Any CPU
		{D64E315C-DC48-45F9-AEA8-1726EC0A86A9}.Release|x64.ActiveCfg = Release|Any CPU
		{D64E315C-DC48-45F9-AEA8-1726EC0A86A9}.Release|x64.Build.0 = Release|Any CPU
		{D64E315C-DC48-45F9-AEA8-1726EC0A86A9}.Release|x86.ActiveCfg = Release|Any CPU
		{D64E315C-DC48-45F9-AEA8-1726EC0A86A9}.Release|x86.Build.0 = Release|Any CPU
		{862FCB08-FB97-4361-80A7-CB4F0FAF8E7A}.Debug|Any CPU.ActiveCfg = Debug|Any CPU
		{862FCB08-FB97-4361-80A7-CB4F0FAF8E7A}.Debug|Any CPU.Build.0 = Debug|Any CPU
		{862FCB08-FB97-4361-80A7-CB4F0FAF8E7A}.Debug|x64.ActiveCfg = Debug|Any CPU
		{862FCB08-FB97-4361-80A7-CB4F0FAF8E7A}.Debug|x64.Build.0 = Debug|Any CPU
		{862FCB08-FB97-4361-80A7-CB4F0FAF8E7A}.Debug|x86.ActiveCfg = Debug|Any CPU
		{862FCB08-FB97-4361-80A7-CB4F0FAF8E7A}.Debug|x86.Build.0 = Debug|Any CPU
		{862FCB08-FB97-4361-80A7-CB4F0FAF8E7A}.Release|Any CPU.ActiveCfg = Release|Any CPU
		{862FCB08-FB97-4361-80A7-CB4F0FAF8E7A}.Release|Any CPU.Build.0 = Release|Any CPU
		{862FCB08-FB97-4361-80A7-CB4F0FAF8E7A}.Release|x64.ActiveCfg = Release|Any CPU
		{862FCB08-FB97-4361-80A7-CB4F0FAF8E7A}.Release|x64.Build.0 = Release|Any CPU
		{862FCB08-FB97-4361-80A7-CB4F0FAF8E7A}.Release|x86.ActiveCfg = Release|Any CPU
		{862FCB08-FB97-4361-80A7-CB4F0FAF8E7A}.Release|x86.Build.0 = Release|Any CPU
		{3FAA8D3C-4589-40B8-8C6B-59A28979054A}.Debug|Any CPU.ActiveCfg = Debug|Any CPU
		{3FAA8D3C-4589-40B8-8C6B-59A28979054A}.Debug|Any CPU.Build.0 = Debug|Any CPU
		{3FAA8D3C-4589-40B8-8C6B-59A28979054A}.Debug|x64.ActiveCfg = Debug|Any CPU
		{3FAA8D3C-4589-40B8-8C6B-59A28979054A}.Debug|x64.Build.0 = Debug|Any CPU
		{3FAA8D3C-4589-40B8-8C6B-59A28979054A}.Debug|x86.ActiveCfg = Debug|Any CPU
		{3FAA8D3C-4589-40B8-8C6B-59A28979054A}.Debug|x86.Build.0 = Debug|Any CPU
		{3FAA8D3C-4589-40B8-8C6B-59A28979054A}.Release|Any CPU.ActiveCfg = Release|Any CPU
		{3FAA8D3C-4589-40B8-8C6B-59A28979054A}.Release|Any CPU.Build.0 = Release|Any CPU
		{3FAA8D3C-4589-40B8-8C6B-59A28979054A}.Release|x64.ActiveCfg = Release|Any CPU
		{3FAA8D3C-4589-40B8-8C6B-59A28979054A}.Release|x64.Build.0 = Release|Any CPU
		{3FAA8D3C-4589-40B8-8C6B-59A28979054A}.Release|x86.ActiveCfg = Release|Any CPU
		{3FAA8D3C-4589-40B8-8C6B-59A28979054A}.Release|x86.Build.0 = Release|Any CPU
		{ADA0BEBB-A1EC-41A1-925B-7397B41A8CB2}.Debug|Any CPU.ActiveCfg = Debug|Any CPU
		{ADA0BEBB-A1EC-41A1-925B-7397B41A8CB2}.Debug|Any CPU.Build.0 = Debug|Any CPU
		{ADA0BEBB-A1EC-41A1-925B-7397B41A8CB2}.Debug|x64.ActiveCfg = Debug|Any CPU
		{ADA0BEBB-A1EC-41A1-925B-7397B41A8CB2}.Debug|x64.Build.0 = Debug|Any CPU
		{ADA0BEBB-A1EC-41A1-925B-7397B41A8CB2}.Debug|x86.ActiveCfg = Debug|Any CPU
		{ADA0BEBB-A1EC-41A1-925B-7397B41A8CB2}.Debug|x86.Build.0 = Debug|Any CPU
		{ADA0BEBB-A1EC-41A1-925B-7397B41A8CB2}.Release|Any CPU.ActiveCfg = Release|Any CPU
		{ADA0BEBB-A1EC-41A1-925B-7397B41A8CB2}.Release|Any CPU.Build.0 = Release|Any CPU
		{ADA0BEBB-A1EC-41A1-925B-7397B41A8CB2}.Release|x64.ActiveCfg = Release|Any CPU
		{ADA0BEBB-A1EC-41A1-925B-7397B41A8CB2}.Release|x64.Build.0 = Release|Any CPU
		{ADA0BEBB-A1EC-41A1-925B-7397B41A8CB2}.Release|x86.ActiveCfg = Release|Any CPU
		{ADA0BEBB-A1EC-41A1-925B-7397B41A8CB2}.Release|x86.Build.0 = Release|Any CPU
		{CD69F660-7C7E-40C6-843B-A7AE1D301D2C}.Debug|Any CPU.ActiveCfg = Debug|Any CPU
		{CD69F660-7C7E-40C6-843B-A7AE1D301D2C}.Debug|Any CPU.Build.0 = Debug|Any CPU
		{CD69F660-7C7E-40C6-843B-A7AE1D301D2C}.Debug|x64.ActiveCfg = Debug|Any CPU
		{CD69F660-7C7E-40C6-843B-A7AE1D301D2C}.Debug|x64.Build.0 = Debug|Any CPU
		{CD69F660-7C7E-40C6-843B-A7AE1D301D2C}.Debug|x86.ActiveCfg = Debug|Any CPU
		{CD69F660-7C7E-40C6-843B-A7AE1D301D2C}.Debug|x86.Build.0 = Debug|Any CPU
		{CD69F660-7C7E-40C6-843B-A7AE1D301D2C}.Release|Any CPU.ActiveCfg = Release|Any CPU
		{CD69F660-7C7E-40C6-843B-A7AE1D301D2C}.Release|Any CPU.Build.0 = Release|Any CPU
		{CD69F660-7C7E-40C6-843B-A7AE1D301D2C}.Release|x64.ActiveCfg = Release|Any CPU
		{CD69F660-7C7E-40C6-843B-A7AE1D301D2C}.Release|x64.Build.0 = Release|Any CPU
		{CD69F660-7C7E-40C6-843B-A7AE1D301D2C}.Release|x86.ActiveCfg = Release|Any CPU
		{CD69F660-7C7E-40C6-843B-A7AE1D301D2C}.Release|x86.Build.0 = Release|Any CPU
		{55B8322B-FAF4-4F5B-8925-7A6791B38E1B}.Debug|Any CPU.ActiveCfg = Debug|Any CPU
		{55B8322B-FAF4-4F5B-8925-7A6791B38E1B}.Debug|Any CPU.Build.0 = Debug|Any CPU
		{55B8322B-FAF4-4F5B-8925-7A6791B38E1B}.Debug|x64.ActiveCfg = Debug|Any CPU
		{55B8322B-FAF4-4F5B-8925-7A6791B38E1B}.Debug|x64.Build.0 = Debug|Any CPU
		{55B8322B-FAF4-4F5B-8925-7A6791B38E1B}.Debug|x86.ActiveCfg = Debug|Any CPU
		{55B8322B-FAF4-4F5B-8925-7A6791B38E1B}.Debug|x86.Build.0 = Debug|Any CPU
		{55B8322B-FAF4-4F5B-8925-7A6791B38E1B}.Release|Any CPU.ActiveCfg = Release|Any CPU
		{55B8322B-FAF4-4F5B-8925-7A6791B38E1B}.Release|Any CPU.Build.0 = Release|Any CPU
		{55B8322B-FAF4-4F5B-8925-7A6791B38E1B}.Release|x64.ActiveCfg = Release|Any CPU
		{55B8322B-FAF4-4F5B-8925-7A6791B38E1B}.Release|x64.Build.0 = Release|Any CPU
		{55B8322B-FAF4-4F5B-8925-7A6791B38E1B}.Release|x86.ActiveCfg = Release|Any CPU
		{55B8322B-FAF4-4F5B-8925-7A6791B38E1B}.Release|x86.Build.0 = Release|Any CPU
	EndGlobalSection
	GlobalSection(SolutionProperties) = preSolution
		HideSolutionNode = FALSE
	EndGlobalSection
	GlobalSection(NestedProjects) = preSolution
		{4A16A1BE-39FC-4FDA-AE18-FF647364AC83} = {91D4DF8C-110E-4232-9823-43CD9877F60B}
		{6E0E1240-D322-4183-8BDB-182CA6B8469F} = {91D4DF8C-110E-4232-9823-43CD9877F60B}
		{DC5B9F3F-41CC-4A43-9643-9FDD86812C6E} = {0CBECBAA-9E25-4A83-89EF-CEBB05AD2AD1}
		{737DA2A6-A7F6-496C-B91A-DF049B68D4BC} = {91D4DF8C-110E-4232-9823-43CD9877F60B}
		{CF7C5037-4A14-4782-8D1B-700845F9779F} = {0CBECBAA-9E25-4A83-89EF-CEBB05AD2AD1}
		{D64E315C-DC48-45F9-AEA8-1726EC0A86A9} = {0CBECBAA-9E25-4A83-89EF-CEBB05AD2AD1}
		{862FCB08-FB97-4361-80A7-CB4F0FAF8E7A} = {91D4DF8C-110E-4232-9823-43CD9877F60B}
		{3FAA8D3C-4589-40B8-8C6B-59A28979054A} = {91D4DF8C-110E-4232-9823-43CD9877F60B}
		{ADA0BEBB-A1EC-41A1-925B-7397B41A8CB2} = {91D4DF8C-110E-4232-9823-43CD9877F60B}
	EndGlobalSection
EndGlobal
