
Microsoft Visual Studio Solution File, Format Version 12.00
# Visual Studio 15
VisualStudioVersion = 15.0.27004.2008
MinimumVisualStudioVersion = 10.0.40219.1
Project("{FAE04EC0-301F-11D3-BF4B-00C04F79EFBC}") = "Aiva.Core", "Aiva.Core\Aiva.Core.csproj", "{9207B344-0BA9-441F-81D8-F4B6F0E2AB6D}"
EndProject
Project("{FAE04EC0-301F-11D3-BF4B-00C04F79EFBC}") = "Aiva.Extensions", "Aiva.Extensions\Aiva.Extensions.csproj", "{73DAA38E-17CB-48E4-BDC4-92D77B5CF59D}"
EndProject
Project("{FAE04EC0-301F-11D3-BF4B-00C04F79EFBC}") = "Aiva.Bot", "Aiva.Bot\Aiva.Bot.csproj", "{3E1D12BD-2ED4-4125-93C2-504A8ABC3EE7}"
EndProject
Global
	GlobalSection(SolutionConfigurationPlatforms) = preSolution
		Debug|Any CPU = Debug|Any CPU
		Debug|x86 = Debug|x86
		Release|Any CPU = Release|Any CPU
		Release|x86 = Release|x86
	EndGlobalSection
	GlobalSection(ProjectConfigurationPlatforms) = postSolution
		{9207B344-0BA9-441F-81D8-F4B6F0E2AB6D}.Debug|Any CPU.ActiveCfg = Debug|x86
		{9207B344-0BA9-441F-81D8-F4B6F0E2AB6D}.Debug|Any CPU.Build.0 = Debug|x86
		{9207B344-0BA9-441F-81D8-F4B6F0E2AB6D}.Debug|x86.ActiveCfg = Debug|x86
		{9207B344-0BA9-441F-81D8-F4B6F0E2AB6D}.Debug|x86.Build.0 = Debug|x86
		{9207B344-0BA9-441F-81D8-F4B6F0E2AB6D}.Release|Any CPU.ActiveCfg = Release|Any CPU
		{9207B344-0BA9-441F-81D8-F4B6F0E2AB6D}.Release|Any CPU.Build.0 = Release|Any CPU
		{9207B344-0BA9-441F-81D8-F4B6F0E2AB6D}.Release|x86.ActiveCfg = Release|x86
		{9207B344-0BA9-441F-81D8-F4B6F0E2AB6D}.Release|x86.Build.0 = Release|x86
		{73DAA38E-17CB-48E4-BDC4-92D77B5CF59D}.Debug|Any CPU.ActiveCfg = Debug|x86
		{73DAA38E-17CB-48E4-BDC4-92D77B5CF59D}.Debug|Any CPU.Build.0 = Debug|x86
		{73DAA38E-17CB-48E4-BDC4-92D77B5CF59D}.Debug|x86.ActiveCfg = Debug|x86
		{73DAA38E-17CB-48E4-BDC4-92D77B5CF59D}.Debug|x86.Build.0 = Debug|x86
		{73DAA38E-17CB-48E4-BDC4-92D77B5CF59D}.Release|Any CPU.ActiveCfg = Release|Any CPU
		{73DAA38E-17CB-48E4-BDC4-92D77B5CF59D}.Release|Any CPU.Build.0 = Release|Any CPU
		{73DAA38E-17CB-48E4-BDC4-92D77B5CF59D}.Release|x86.ActiveCfg = Release|x86
		{73DAA38E-17CB-48E4-BDC4-92D77B5CF59D}.Release|x86.Build.0 = Release|x86
		{3E1D12BD-2ED4-4125-93C2-504A8ABC3EE7}.Debug|Any CPU.ActiveCfg = Debug|x86
		{3E1D12BD-2ED4-4125-93C2-504A8ABC3EE7}.Debug|Any CPU.Build.0 = Debug|x86
		{3E1D12BD-2ED4-4125-93C2-504A8ABC3EE7}.Debug|x86.ActiveCfg = Debug|x86
		{3E1D12BD-2ED4-4125-93C2-504A8ABC3EE7}.Debug|x86.Build.0 = Debug|x86
		{3E1D12BD-2ED4-4125-93C2-504A8ABC3EE7}.Release|Any CPU.ActiveCfg = Release|Any CPU
		{3E1D12BD-2ED4-4125-93C2-504A8ABC3EE7}.Release|Any CPU.Build.0 = Release|Any CPU
		{3E1D12BD-2ED4-4125-93C2-504A8ABC3EE7}.Release|x86.ActiveCfg = Release|Any CPU
		{3E1D12BD-2ED4-4125-93C2-504A8ABC3EE7}.Release|x86.Build.0 = Release|Any CPU
	EndGlobalSection
	GlobalSection(SolutionProperties) = preSolution
		HideSolutionNode = FALSE
	EndGlobalSection
	GlobalSection(ExtensibilityGlobals) = postSolution
		SolutionGuid = {06B17BBD-715B-4386-8E57-D6D11F243120}
	EndGlobalSection
EndGlobal
